
Microsoft Visual Studio Solution File, Format Version 12.00
# Visual Studio 15
VisualStudioVersion = 15.0.28307.421
MinimumVisualStudioVersion = 10.0.40219.1
Project("{FAE04EC0-301F-11D3-BF4B-00C04F79EFBC}") = "Manrose731769_A3", "Manrose731769_A3\Manrose731769_A3.csproj", "{3968E1C1-8EE0-4506-85D8-37A5AC7EE311}"
EndProject
Global
	GlobalSection(SolutionConfigurationPlatforms) = preSolution
		Debug|Any CPU = Debug|Any CPU
		Release|Any CPU = Release|Any CPU
	EndGlobalSection
	GlobalSection(ProjectConfigurationPlatforms) = postSolution
		{3968E1C1-8EE0-4506-85D8-37A5AC7EE311}.Debug|Any CPU.ActiveCfg = Debug|Any CPU
		{3968E1C1-8EE0-4506-85D8-37A5AC7EE311}.Debug|Any CPU.Build.0 = Debug|Any CPU
		{3968E1C1-8EE0-4506-85D8-37A5AC7EE311}.Release|Any CPU.ActiveCfg = Release|Any CPU
		{3968E1C1-8EE0-4506-85D8-37A5AC7EE311}.Release|Any CPU.Build.0 = Release|Any CPU
	EndGlobalSection
	GlobalSection(SolutionProperties) = preSolution
		HideSolutionNode = FALSE
	EndGlobalSection
	GlobalSection(ExtensibilityGlobals) = postSolution
		SolutionGuid = {BA1C9538-83EF-4D3E-B4D4-EF4E86492055}
	EndGlobalSection
EndGlobal
